
Microsoft Visual Studio Solution File, Format Version 12.00
# Visual Studio 15
VisualStudioVersion = 15.0.28307.168
MinimumVisualStudioVersion = 10.0.40219.1
Project("{FAE04EC0-301F-11D3-BF4B-00C04F79EFBC}") = "instanceofOperator", "instanceofOperator\instanceofOperator.csproj", "{F79900E6-6B6A-4477-B831-0DCA58B15C89}"
EndProject
Global
	GlobalSection(SolutionConfigurationPlatforms) = preSolution
		Debug|Any CPU = Debug|Any CPU
		Release|Any CPU = Release|Any CPU
	EndGlobalSection
	GlobalSection(ProjectConfigurationPlatforms) = postSolution
		{F79900E6-6B6A-4477-B831-0DCA58B15C89}.Debug|Any CPU.ActiveCfg = Debug|Any CPU
		{F79900E6-6B6A-4477-B831-0DCA58B15C89}.Debug|Any CPU.Build.0 = Debug|Any CPU
		{F79900E6-6B6A-4477-B831-0DCA58B15C89}.Release|Any CPU.ActiveCfg = Release|Any CPU
		{F79900E6-6B6A-4477-B831-0DCA58B15C89}.Release|Any CPU.Build.0 = Release|Any CPU
	EndGlobalSection
	GlobalSection(SolutionProperties) = preSolution
		HideSolutionNode = FALSE
	EndGlobalSection
	GlobalSection(ExtensibilityGlobals) = postSolution
		SolutionGuid = {65D04F01-14C8-427E-8C2A-31479D2C0057}
	EndGlobalSection
EndGlobal
