
Microsoft Visual Studio Solution File, Format Version 12.00
# Visual Studio 15
VisualStudioVersion = 15.0.28307.168
MinimumVisualStudioVersion = 10.0.40219.1
Project("{FAE04EC0-301F-11D3-BF4B-00C04F79EFBC}") = "Composition", "Composition\Composition.csproj", "{B2C57B46-883B-4918-B6F1-D705CE07178C}"
EndProject
Global
	GlobalSection(SolutionConfigurationPlatforms) = preSolution
		Debug|Any CPU = Debug|Any CPU
		Release|Any CPU = Release|Any CPU
	EndGlobalSection
	GlobalSection(ProjectConfigurationPlatforms) = postSolution
		{B2C57B46-883B-4918-B6F1-D705CE07178C}.Debug|Any CPU.ActiveCfg = Debug|Any CPU
		{B2C57B46-883B-4918-B6F1-D705CE07178C}.Debug|Any CPU.Build.0 = Debug|Any CPU
		{B2C57B46-883B-4918-B6F1-D705CE07178C}.Release|Any CPU.ActiveCfg = Release|Any CPU
		{B2C57B46-883B-4918-B6F1-D705CE07178C}.Release|Any CPU.Build.0 = Release|Any CPU
	EndGlobalSection
	GlobalSection(SolutionProperties) = preSolution
		HideSolutionNode = FALSE
	EndGlobalSection
	GlobalSection(ExtensibilityGlobals) = postSolution
		SolutionGuid = {6FF89056-7609-4170-B174-8D1D5B67D12F}
	EndGlobalSection
EndGlobal
