
Microsoft Visual Studio Solution File, Format Version 12.00
# Visual Studio 15
VisualStudioVersion = 15.0.28307.168
MinimumVisualStudioVersion = 10.0.40219.1
Project("{FAE04EC0-301F-11D3-BF4B-00C04F79EFBC}") = "BankApp", "BankApp\BankApp.csproj", "{944D24EA-77B0-4A2A-9AD3-6DAD9E038CCE}"
EndProject
Global
	GlobalSection(SolutionConfigurationPlatforms) = preSolution
		Debug|Any CPU = Debug|Any CPU
		Release|Any CPU = Release|Any CPU
	EndGlobalSection
	GlobalSection(ProjectConfigurationPlatforms) = postSolution
		{944D24EA-77B0-4A2A-9AD3-6DAD9E038CCE}.Debug|Any CPU.ActiveCfg = Debug|Any CPU
		{944D24EA-77B0-4A2A-9AD3-6DAD9E038CCE}.Debug|Any CPU.Build.0 = Debug|Any CPU
		{944D24EA-77B0-4A2A-9AD3-6DAD9E038CCE}.Release|Any CPU.ActiveCfg = Release|Any CPU
		{944D24EA-77B0-4A2A-9AD3-6DAD9E038CCE}.Release|Any CPU.Build.0 = Release|Any CPU
	EndGlobalSection
	GlobalSection(SolutionProperties) = preSolution
		HideSolutionNode = FALSE
	EndGlobalSection
	GlobalSection(ExtensibilityGlobals) = postSolution
		SolutionGuid = {2EADC0C2-5447-460A-ADAB-AB050EB50BD3}
	EndGlobalSection
EndGlobal
