
Microsoft Visual Studio Solution File, Format Version 12.00
# Visual Studio 15
VisualStudioVersion = 15.0.28307.168
MinimumVisualStudioVersion = 10.0.40219.1
Project("{FAE04EC0-301F-11D3-BF4B-00C04F79EFBC}") = "Inheritence", "Inheritence\Inheritence.csproj", "{C534AAA5-F4E7-4040-B483-70205F539CB2}"
EndProject
Global
	GlobalSection(SolutionConfigurationPlatforms) = preSolution
		Debug|Any CPU = Debug|Any CPU
		Release|Any CPU = Release|Any CPU
	EndGlobalSection
	GlobalSection(ProjectConfigurationPlatforms) = postSolution
		{C534AAA5-F4E7-4040-B483-70205F539CB2}.Debug|Any CPU.ActiveCfg = Debug|Any CPU
		{C534AAA5-F4E7-4040-B483-70205F539CB2}.Debug|Any CPU.Build.0 = Debug|Any CPU
		{C534AAA5-F4E7-4040-B483-70205F539CB2}.Release|Any CPU.ActiveCfg = Release|Any CPU
		{C534AAA5-F4E7-4040-B483-70205F539CB2}.Release|Any CPU.Build.0 = Release|Any CPU
	EndGlobalSection
	GlobalSection(SolutionProperties) = preSolution
		HideSolutionNode = FALSE
	EndGlobalSection
	GlobalSection(ExtensibilityGlobals) = postSolution
		SolutionGuid = {20A3118C-DB48-4324-8281-576291F297D1}
	EndGlobalSection
EndGlobal
